
Microsoft Visual Studio Solution File, Format Version 10.00
# Visual Studio 2008
Project("{E24C65DC-7377-472B-9ABA-BC803B73C61A}") = ".\", ".", "{151F567F-C007-45F5-A749-02F80C38726D}"
	ProjectSection(WebsiteProperties) = preProject
		TargetFramework = "3.5"
		Debug.AspNetCompiler.VirtualPath = "/KumePortali"
		Debug.AspNetCompiler.PhysicalPath = "..\KumePortali2\"
		Debug.AspNetCompiler.TargetPath = "PrecompiledWeb\KumePortali\"
		Debug.AspNetCompiler.Updateable = "true"
		Debug.AspNetCompiler.ForceOverwrite = "true"
		Debug.AspNetCompiler.FixedNames = "false"
		Debug.AspNetCompiler.Debug = "True"
		Release.AspNetCompiler.VirtualPath = "/KumePortali"
		Release.AspNetCompiler.PhysicalPath = "..\KumePortali\"
		Release.AspNetCompiler.TargetPath = "PrecompiledWeb\KumePortali\"
		Release.AspNetCompiler.Updateable = "true"
		Release.AspNetCompiler.ForceOverwrite = "true"
		Release.AspNetCompiler.FixedNames = "false"
		Release.AspNetCompiler.Debug = "False"
		VWDPort = "2067"
	EndProjectSection
EndProject
Global
	GlobalSection(SolutionConfigurationPlatforms) = preSolution
		Debug|.NET = Debug|.NET
	EndGlobalSection
	GlobalSection(ProjectConfigurationPlatforms) = postSolution
		{151F567F-C007-45F5-A749-02F80C38726D}.Debug|.NET.ActiveCfg = Debug|.NET
		{151F567F-C007-45F5-A749-02F80C38726D}.Debug|.NET.Build.0 = Debug|.NET
	EndGlobalSection
	GlobalSection(SolutionProperties) = preSolution
		HideSolutionNode = FALSE
	EndGlobalSection
EndGlobal

